
Microsoft Visual Studio Solution File, Format Version 12.00
# Visual Studio Express 2012 for Windows Desktop
Project("{8BC9CEB8-8B4A-11D0-8D11-00A0C91BC942}") = "test_atomic", "test_atomic\test_atomic.vcxproj", "{66D19598-71CE-4B50-BE2E-2E1BDEDEE0ED}"
EndProject
Project("{8BC9CEB8-8B4A-11D0-8D11-00A0C91BC942}") = "test_chrono", "test_chrono\test_chrono.vcxproj", "{62162F4C-C5AE-4F85-9200-71BFFEDB063F}"
EndProject
Project("{8BC9CEB8-8B4A-11D0-8D11-00A0C91BC942}") = "test_system", "test_system\test_system.vcxproj", "{53D590B7-8736-4728-A41C-409DE56B5D96}"
EndProject
Project("{8BC9CEB8-8B4A-11D0-8D11-00A0C91BC942}") = "test_coroutine", "test_coroutine\test_coroutine.vcxproj", "{106B2073-E1F5-4FAD-95CB-065051325C6E}"
EndProject
Project("{8BC9CEB8-8B4A-11D0-8D11-00A0C91BC942}") = "test_date_time", "test_date_time\test_date_time.vcxproj", "{3F2398A2-0FB8-47F1-9124-5CE748E3D2CA}"
EndProject
Global
	GlobalSection(SolutionConfigurationPlatforms) = preSolution
		Debug|Win32 = Debug|Win32
		Release|Win32 = Release|Win32
	EndGlobalSection
	GlobalSection(ProjectConfigurationPlatforms) = postSolution
		{66D19598-71CE-4B50-BE2E-2E1BDEDEE0ED}.Debug|Win32.ActiveCfg = Debug|Win32
		{66D19598-71CE-4B50-BE2E-2E1BDEDEE0ED}.Debug|Win32.Build.0 = Debug|Win32
		{66D19598-71CE-4B50-BE2E-2E1BDEDEE0ED}.Debug|Win32.Deploy.0 = Debug|Win32
		{66D19598-71CE-4B50-BE2E-2E1BDEDEE0ED}.Release|Win32.ActiveCfg = Release|Win32
		{66D19598-71CE-4B50-BE2E-2E1BDEDEE0ED}.Release|Win32.Build.0 = Release|Win32
		{66D19598-71CE-4B50-BE2E-2E1BDEDEE0ED}.Release|Win32.Deploy.0 = Release|Win32
		{62162F4C-C5AE-4F85-9200-71BFFEDB063F}.Debug|Win32.ActiveCfg = Debug|Win32
		{62162F4C-C5AE-4F85-9200-71BFFEDB063F}.Debug|Win32.Build.0 = Debug|Win32
		{62162F4C-C5AE-4F85-9200-71BFFEDB063F}.Debug|Win32.Deploy.0 = Debug|Win32
		{62162F4C-C5AE-4F85-9200-71BFFEDB063F}.Release|Win32.ActiveCfg = Release|Win32
		{62162F4C-C5AE-4F85-9200-71BFFEDB063F}.Release|Win32.Build.0 = Release|Win32
		{62162F4C-C5AE-4F85-9200-71BFFEDB063F}.Release|Win32.Deploy.0 = Release|Win32
		{53D590B7-8736-4728-A41C-409DE56B5D96}.Debug|Win32.ActiveCfg = Debug|Win32
		{53D590B7-8736-4728-A41C-409DE56B5D96}.Debug|Win32.Build.0 = Debug|Win32
		{53D590B7-8736-4728-A41C-409DE56B5D96}.Debug|Win32.Deploy.0 = Debug|Win32
		{53D590B7-8736-4728-A41C-409DE56B5D96}.Release|Win32.ActiveCfg = Release|Win32
		{53D590B7-8736-4728-A41C-409DE56B5D96}.Release|Win32.Build.0 = Release|Win32
		{53D590B7-8736-4728-A41C-409DE56B5D96}.Release|Win32.Deploy.0 = Release|Win32
		{106B2073-E1F5-4FAD-95CB-065051325C6E}.Debug|Win32.ActiveCfg = Debug|Win32
		{106B2073-E1F5-4FAD-95CB-065051325C6E}.Debug|Win32.Build.0 = Debug|Win32
		{106B2073-E1F5-4FAD-95CB-065051325C6E}.Debug|Win32.Deploy.0 = Debug|Win32
		{106B2073-E1F5-4FAD-95CB-065051325C6E}.Release|Win32.ActiveCfg = Release|Win32
		{106B2073-E1F5-4FAD-95CB-065051325C6E}.Release|Win32.Build.0 = Release|Win32
		{106B2073-E1F5-4FAD-95CB-065051325C6E}.Release|Win32.Deploy.0 = Release|Win32
		{3F2398A2-0FB8-47F1-9124-5CE748E3D2CA}.Debug|Win32.ActiveCfg = Debug|Win32
		{3F2398A2-0FB8-47F1-9124-5CE748E3D2CA}.Debug|Win32.Build.0 = Debug|Win32
		{3F2398A2-0FB8-47F1-9124-5CE748E3D2CA}.Debug|Win32.Deploy.0 = Debug|Win32
		{3F2398A2-0FB8-47F1-9124-5CE748E3D2CA}.Release|Win32.ActiveCfg = Release|Win32
		{3F2398A2-0FB8-47F1-9124-5CE748E3D2CA}.Release|Win32.Build.0 = Release|Win32
		{3F2398A2-0FB8-47F1-9124-5CE748E3D2CA}.Release|Win32.Deploy.0 = Release|Win32
	EndGlobalSection
	GlobalSection(SolutionProperties) = preSolution
		HideSolutionNode = FALSE
	EndGlobalSection
EndGlobal
