
Microsoft Visual Studio Solution File, Format Version 12.00
# Visual Studio Express 2012 for Windows Desktop
Project("{8BC9CEB8-8B4A-11D0-8D11-00A0C91BC942}") = "test_atomic", "test_atomic\test_atomic.vcxproj", "{66D19598-71CE-4B50-BE2E-2E1BDEDEE0ED}"
EndProject
Project("{8BC9CEB8-8B4A-11D0-8D11-00A0C91BC942}") = "test_chrono", "test_chrono\test_chrono.vcxproj", "{62162F4C-C5AE-4F85-9200-71BFFEDB063F}"
EndProject
Project("{8BC9CEB8-8B4A-11D0-8D11-00A0C91BC942}") = "test_system", "test_system\test_system.vcxproj", "{53D590B7-8736-4728-A41C-409DE56B5D96}"
EndProject
Project("{8BC9CEB8-8B4A-11D0-8D11-00A0C91BC942}") = "test_coroutine", "test_coroutine\test_coroutine.vcxproj", "{106B2073-E1F5-4FAD-95CB-065051325C6E}"
EndProject
Project("{8BC9CEB8-8B4A-11D0-8D11-00A0C91BC942}") = "test_date_time", "test_date_time\test_date_time.vcxproj", "{3F2398A2-0FB8-47F1-9124-5CE748E3D2CA}"
EndProject
Project("{8BC9CEB8-8B4A-11D0-8D11-00A0C91BC942}") = "test_exception", "test_exception\test_exception.vcxproj", "{1AF69578-4BC0-4AE1-9ECB-1276F40E7FE7}"
EndProject
Project("{8BC9CEB8-8B4A-11D0-8D11-00A0C91BC942}") = "test_filesystem", "test_filesystem\test_filesystem.vcxproj", "{D9BE013E-E877-40AC-B944-10BA3C937DEF}"
EndProject
Project("{8BC9CEB8-8B4A-11D0-8D11-00A0C91BC942}") = "test_graph", "test_graph\test_graph.vcxproj", "{91C896C8-6E1F-4269-AAD6-8331ACCB0D83}"
EndProject
Project("{8BC9CEB8-8B4A-11D0-8D11-00A0C91BC942}") = "test_regex", "test_regex\test_regex.vcxproj", "{83C13D43-9A1F-4A07-94EE-6B150EAA4576}"
EndProject
Project("{8BC9CEB8-8B4A-11D0-8D11-00A0C91BC942}") = "test_graph_parallel", "test_graph_parallel\test_graph_parallel.vcxproj", "{70F086F1-6ABE-48FC-BC98-13982E418D2F}"
EndProject
Project("{8BC9CEB8-8B4A-11D0-8D11-00A0C91BC942}") = "test_mpi", "test_mpi\test_mpi.vcxproj", "{6EAA0C85-164D-4D42-BFE0-F34023ED1563}"
EndProject
Project("{8BC9CEB8-8B4A-11D0-8D11-00A0C91BC942}") = "test_serialization", "test_serialization\test_serialization.vcxproj", "{66DABB2C-2827-42FE-A87F-C6E43F0B022A}"
EndProject
Project("{8BC9CEB8-8B4A-11D0-8D11-00A0C91BC942}") = "test_iostreams", "test_iostreams\test_iostreams.vcxproj", "{93AF850C-804B-41BA-AE91-D86CFD6B0E5A}"
EndProject
Project("{8BC9CEB8-8B4A-11D0-8D11-00A0C91BC942}") = "test_iostreams_bzip2", "test_iostreams_bzip2\test_iostreams_bzip2.vcxproj", "{C1BD9CC9-1097-4BE0-A575-4BEA6E4DB9FA}"
EndProject
Project("{8BC9CEB8-8B4A-11D0-8D11-00A0C91BC942}") = "test_iostreams_zlib", "test_iostreams_zlib\test_iostreams_zlib.vcxproj", "{5C3862E3-ADC3-4A5F-9A49-A53251E9BE97}"
EndProject
Project("{8BC9CEB8-8B4A-11D0-8D11-00A0C91BC942}") = "test_locale", "test_locale\test_locale.vcxproj", "{CBE6F5D1-2CBB-462F-8B10-99CCF62F3745}"
EndProject
Project("{8BC9CEB8-8B4A-11D0-8D11-00A0C91BC942}") = "test_thread", "test_thread\test_thread.vcxproj", "{AFD516BC-E9B7-4076-93F2-5B1F5C942D9A}"
EndProject
Project("{8BC9CEB8-8B4A-11D0-8D11-00A0C91BC942}") = "test_locale_icu", "test_locale_icu\test_locale_icu.vcxproj", "{13C2D1D8-ECC0-49E6-91FC-BBBE46A07CA4}"
EndProject
Global
	GlobalSection(SolutionConfigurationPlatforms) = preSolution
		Debug|Win32 = Debug|Win32
		Release|Win32 = Release|Win32
	EndGlobalSection
	GlobalSection(ProjectConfigurationPlatforms) = postSolution
		{66D19598-71CE-4B50-BE2E-2E1BDEDEE0ED}.Debug|Win32.ActiveCfg = Debug|Win32
		{66D19598-71CE-4B50-BE2E-2E1BDEDEE0ED}.Debug|Win32.Build.0 = Debug|Win32
		{66D19598-71CE-4B50-BE2E-2E1BDEDEE0ED}.Debug|Win32.Deploy.0 = Debug|Win32
		{66D19598-71CE-4B50-BE2E-2E1BDEDEE0ED}.Release|Win32.ActiveCfg = Release|Win32
		{66D19598-71CE-4B50-BE2E-2E1BDEDEE0ED}.Release|Win32.Build.0 = Release|Win32
		{66D19598-71CE-4B50-BE2E-2E1BDEDEE0ED}.Release|Win32.Deploy.0 = Release|Win32
		{62162F4C-C5AE-4F85-9200-71BFFEDB063F}.Debug|Win32.ActiveCfg = Debug|Win32
		{62162F4C-C5AE-4F85-9200-71BFFEDB063F}.Debug|Win32.Build.0 = Debug|Win32
		{62162F4C-C5AE-4F85-9200-71BFFEDB063F}.Debug|Win32.Deploy.0 = Debug|Win32
		{62162F4C-C5AE-4F85-9200-71BFFEDB063F}.Release|Win32.ActiveCfg = Release|Win32
		{62162F4C-C5AE-4F85-9200-71BFFEDB063F}.Release|Win32.Build.0 = Release|Win32
		{62162F4C-C5AE-4F85-9200-71BFFEDB063F}.Release|Win32.Deploy.0 = Release|Win32
		{53D590B7-8736-4728-A41C-409DE56B5D96}.Debug|Win32.ActiveCfg = Debug|Win32
		{53D590B7-8736-4728-A41C-409DE56B5D96}.Debug|Win32.Build.0 = Debug|Win32
		{53D590B7-8736-4728-A41C-409DE56B5D96}.Debug|Win32.Deploy.0 = Debug|Win32
		{53D590B7-8736-4728-A41C-409DE56B5D96}.Release|Win32.ActiveCfg = Release|Win32
		{53D590B7-8736-4728-A41C-409DE56B5D96}.Release|Win32.Build.0 = Release|Win32
		{53D590B7-8736-4728-A41C-409DE56B5D96}.Release|Win32.Deploy.0 = Release|Win32
		{106B2073-E1F5-4FAD-95CB-065051325C6E}.Debug|Win32.ActiveCfg = Debug|Win32
		{106B2073-E1F5-4FAD-95CB-065051325C6E}.Debug|Win32.Build.0 = Debug|Win32
		{106B2073-E1F5-4FAD-95CB-065051325C6E}.Debug|Win32.Deploy.0 = Debug|Win32
		{106B2073-E1F5-4FAD-95CB-065051325C6E}.Release|Win32.ActiveCfg = Release|Win32
		{106B2073-E1F5-4FAD-95CB-065051325C6E}.Release|Win32.Build.0 = Release|Win32
		{106B2073-E1F5-4FAD-95CB-065051325C6E}.Release|Win32.Deploy.0 = Release|Win32
		{3F2398A2-0FB8-47F1-9124-5CE748E3D2CA}.Debug|Win32.ActiveCfg = Debug|Win32
		{3F2398A2-0FB8-47F1-9124-5CE748E3D2CA}.Debug|Win32.Build.0 = Debug|Win32
		{3F2398A2-0FB8-47F1-9124-5CE748E3D2CA}.Debug|Win32.Deploy.0 = Debug|Win32
		{3F2398A2-0FB8-47F1-9124-5CE748E3D2CA}.Release|Win32.ActiveCfg = Release|Win32
		{3F2398A2-0FB8-47F1-9124-5CE748E3D2CA}.Release|Win32.Build.0 = Release|Win32
		{3F2398A2-0FB8-47F1-9124-5CE748E3D2CA}.Release|Win32.Deploy.0 = Release|Win32
		{1AF69578-4BC0-4AE1-9ECB-1276F40E7FE7}.Debug|Win32.ActiveCfg = Debug|Win32
		{1AF69578-4BC0-4AE1-9ECB-1276F40E7FE7}.Debug|Win32.Build.0 = Debug|Win32
		{1AF69578-4BC0-4AE1-9ECB-1276F40E7FE7}.Debug|Win32.Deploy.0 = Debug|Win32
		{1AF69578-4BC0-4AE1-9ECB-1276F40E7FE7}.Release|Win32.ActiveCfg = Release|Win32
		{1AF69578-4BC0-4AE1-9ECB-1276F40E7FE7}.Release|Win32.Build.0 = Release|Win32
		{1AF69578-4BC0-4AE1-9ECB-1276F40E7FE7}.Release|Win32.Deploy.0 = Release|Win32
		{D9BE013E-E877-40AC-B944-10BA3C937DEF}.Debug|Win32.ActiveCfg = Debug|Win32
		{D9BE013E-E877-40AC-B944-10BA3C937DEF}.Debug|Win32.Build.0 = Debug|Win32
		{D9BE013E-E877-40AC-B944-10BA3C937DEF}.Debug|Win32.Deploy.0 = Debug|Win32
		{D9BE013E-E877-40AC-B944-10BA3C937DEF}.Release|Win32.ActiveCfg = Release|Win32
		{D9BE013E-E877-40AC-B944-10BA3C937DEF}.Release|Win32.Build.0 = Release|Win32
		{D9BE013E-E877-40AC-B944-10BA3C937DEF}.Release|Win32.Deploy.0 = Release|Win32
		{91C896C8-6E1F-4269-AAD6-8331ACCB0D83}.Debug|Win32.ActiveCfg = Debug|Win32
		{91C896C8-6E1F-4269-AAD6-8331ACCB0D83}.Debug|Win32.Build.0 = Debug|Win32
		{91C896C8-6E1F-4269-AAD6-8331ACCB0D83}.Debug|Win32.Deploy.0 = Debug|Win32
		{91C896C8-6E1F-4269-AAD6-8331ACCB0D83}.Release|Win32.ActiveCfg = Release|Win32
		{91C896C8-6E1F-4269-AAD6-8331ACCB0D83}.Release|Win32.Build.0 = Release|Win32
		{91C896C8-6E1F-4269-AAD6-8331ACCB0D83}.Release|Win32.Deploy.0 = Release|Win32
		{83C13D43-9A1F-4A07-94EE-6B150EAA4576}.Debug|Win32.ActiveCfg = Debug|Win32
		{83C13D43-9A1F-4A07-94EE-6B150EAA4576}.Debug|Win32.Build.0 = Debug|Win32
		{83C13D43-9A1F-4A07-94EE-6B150EAA4576}.Debug|Win32.Deploy.0 = Debug|Win32
		{83C13D43-9A1F-4A07-94EE-6B150EAA4576}.Release|Win32.ActiveCfg = Release|Win32
		{83C13D43-9A1F-4A07-94EE-6B150EAA4576}.Release|Win32.Build.0 = Release|Win32
		{83C13D43-9A1F-4A07-94EE-6B150EAA4576}.Release|Win32.Deploy.0 = Release|Win32
		{70F086F1-6ABE-48FC-BC98-13982E418D2F}.Debug|Win32.ActiveCfg = Debug|Win32
		{70F086F1-6ABE-48FC-BC98-13982E418D2F}.Debug|Win32.Build.0 = Debug|Win32
		{70F086F1-6ABE-48FC-BC98-13982E418D2F}.Debug|Win32.Deploy.0 = Debug|Win32
		{70F086F1-6ABE-48FC-BC98-13982E418D2F}.Release|Win32.ActiveCfg = Release|Win32
		{70F086F1-6ABE-48FC-BC98-13982E418D2F}.Release|Win32.Build.0 = Release|Win32
		{70F086F1-6ABE-48FC-BC98-13982E418D2F}.Release|Win32.Deploy.0 = Release|Win32
		{6EAA0C85-164D-4D42-BFE0-F34023ED1563}.Debug|Win32.ActiveCfg = Debug|Win32
		{6EAA0C85-164D-4D42-BFE0-F34023ED1563}.Debug|Win32.Build.0 = Debug|Win32
		{6EAA0C85-164D-4D42-BFE0-F34023ED1563}.Debug|Win32.Deploy.0 = Debug|Win32
		{6EAA0C85-164D-4D42-BFE0-F34023ED1563}.Release|Win32.ActiveCfg = Release|Win32
		{6EAA0C85-164D-4D42-BFE0-F34023ED1563}.Release|Win32.Build.0 = Release|Win32
		{6EAA0C85-164D-4D42-BFE0-F34023ED1563}.Release|Win32.Deploy.0 = Release|Win32
		{66DABB2C-2827-42FE-A87F-C6E43F0B022A}.Debug|Win32.ActiveCfg = Debug|Win32
		{66DABB2C-2827-42FE-A87F-C6E43F0B022A}.Debug|Win32.Build.0 = Debug|Win32
		{66DABB2C-2827-42FE-A87F-C6E43F0B022A}.Debug|Win32.Deploy.0 = Debug|Win32
		{66DABB2C-2827-42FE-A87F-C6E43F0B022A}.Release|Win32.ActiveCfg = Release|Win32
		{66DABB2C-2827-42FE-A87F-C6E43F0B022A}.Release|Win32.Build.0 = Release|Win32
		{66DABB2C-2827-42FE-A87F-C6E43F0B022A}.Release|Win32.Deploy.0 = Release|Win32
		{93AF850C-804B-41BA-AE91-D86CFD6B0E5A}.Debug|Win32.ActiveCfg = Debug|Win32
		{93AF850C-804B-41BA-AE91-D86CFD6B0E5A}.Debug|Win32.Build.0 = Debug|Win32
		{93AF850C-804B-41BA-AE91-D86CFD6B0E5A}.Debug|Win32.Deploy.0 = Debug|Win32
		{93AF850C-804B-41BA-AE91-D86CFD6B0E5A}.Release|Win32.ActiveCfg = Release|Win32
		{93AF850C-804B-41BA-AE91-D86CFD6B0E5A}.Release|Win32.Build.0 = Release|Win32
		{93AF850C-804B-41BA-AE91-D86CFD6B0E5A}.Release|Win32.Deploy.0 = Release|Win32
		{C1BD9CC9-1097-4BE0-A575-4BEA6E4DB9FA}.Debug|Win32.ActiveCfg = Debug|Win32
		{C1BD9CC9-1097-4BE0-A575-4BEA6E4DB9FA}.Debug|Win32.Build.0 = Debug|Win32
		{C1BD9CC9-1097-4BE0-A575-4BEA6E4DB9FA}.Debug|Win32.Deploy.0 = Debug|Win32
		{C1BD9CC9-1097-4BE0-A575-4BEA6E4DB9FA}.Release|Win32.ActiveCfg = Release|Win32
		{C1BD9CC9-1097-4BE0-A575-4BEA6E4DB9FA}.Release|Win32.Build.0 = Release|Win32
		{C1BD9CC9-1097-4BE0-A575-4BEA6E4DB9FA}.Release|Win32.Deploy.0 = Release|Win32
		{5C3862E3-ADC3-4A5F-9A49-A53251E9BE97}.Debug|Win32.ActiveCfg = Debug|Win32
		{5C3862E3-ADC3-4A5F-9A49-A53251E9BE97}.Debug|Win32.Build.0 = Debug|Win32
		{5C3862E3-ADC3-4A5F-9A49-A53251E9BE97}.Debug|Win32.Deploy.0 = Debug|Win32
		{5C3862E3-ADC3-4A5F-9A49-A53251E9BE97}.Release|Win32.ActiveCfg = Release|Win32
		{5C3862E3-ADC3-4A5F-9A49-A53251E9BE97}.Release|Win32.Build.0 = Release|Win32
		{5C3862E3-ADC3-4A5F-9A49-A53251E9BE97}.Release|Win32.Deploy.0 = Release|Win32
		{CBE6F5D1-2CBB-462F-8B10-99CCF62F3745}.Debug|Win32.ActiveCfg = Debug|Win32
		{CBE6F5D1-2CBB-462F-8B10-99CCF62F3745}.Debug|Win32.Build.0 = Debug|Win32
		{CBE6F5D1-2CBB-462F-8B10-99CCF62F3745}.Debug|Win32.Deploy.0 = Debug|Win32
		{CBE6F5D1-2CBB-462F-8B10-99CCF62F3745}.Release|Win32.ActiveCfg = Release|Win32
		{CBE6F5D1-2CBB-462F-8B10-99CCF62F3745}.Release|Win32.Build.0 = Release|Win32
		{CBE6F5D1-2CBB-462F-8B10-99CCF62F3745}.Release|Win32.Deploy.0 = Release|Win32
		{AFD516BC-E9B7-4076-93F2-5B1F5C942D9A}.Debug|Win32.ActiveCfg = Debug|Win32
		{AFD516BC-E9B7-4076-93F2-5B1F5C942D9A}.Debug|Win32.Build.0 = Debug|Win32
		{AFD516BC-E9B7-4076-93F2-5B1F5C942D9A}.Debug|Win32.Deploy.0 = Debug|Win32
		{AFD516BC-E9B7-4076-93F2-5B1F5C942D9A}.Release|Win32.ActiveCfg = Release|Win32
		{AFD516BC-E9B7-4076-93F2-5B1F5C942D9A}.Release|Win32.Build.0 = Release|Win32
		{AFD516BC-E9B7-4076-93F2-5B1F5C942D9A}.Release|Win32.Deploy.0 = Release|Win32
		{13C2D1D8-ECC0-49E6-91FC-BBBE46A07CA4}.Debug|Win32.ActiveCfg = Debug|Win32
		{13C2D1D8-ECC0-49E6-91FC-BBBE46A07CA4}.Debug|Win32.Build.0 = Debug|Win32
		{13C2D1D8-ECC0-49E6-91FC-BBBE46A07CA4}.Debug|Win32.Deploy.0 = Debug|Win32
		{13C2D1D8-ECC0-49E6-91FC-BBBE46A07CA4}.Release|Win32.ActiveCfg = Release|Win32
		{13C2D1D8-ECC0-49E6-91FC-BBBE46A07CA4}.Release|Win32.Build.0 = Release|Win32
		{13C2D1D8-ECC0-49E6-91FC-BBBE46A07CA4}.Release|Win32.Deploy.0 = Release|Win32
	EndGlobalSection
	GlobalSection(SolutionProperties) = preSolution
		HideSolutionNode = FALSE
	EndGlobalSection
EndGlobal
